
Microsoft Visual Studio Solution File, Format Version 12.00
# Visual Studio Version 17
VisualStudioVersion = 17.10.35013.160
MinimumVisualStudioVersion = 10.0.40219.1
Project("{FAE04EC0-301F-11D3-BF4B-00C04F79EFBC}") = "CarRentalManagementSystem_V1.", "..\CarRentalManagementSystem_V1\CarRentalManagementSystem_V1\CarRentalManagementSystem_V1..csproj", "{465997ED-DD42-47F9-AD11-754AD4D89B98}"
EndProject
Global
	GlobalSection(SolutionConfigurationPlatforms) = preSolution
		Debug|Any CPU = Debug|Any CPU
		Release|Any CPU = Release|Any CPU
	EndGlobalSection
	GlobalSection(ProjectConfigurationPlatforms) = postSolution
		{465997ED-DD42-47F9-AD11-754AD4D89B98}.Debug|Any CPU.ActiveCfg = Debug|Any CPU
		{465997ED-DD42-47F9-AD11-754AD4D89B98}.Debug|Any CPU.Build.0 = Debug|Any CPU
		{465997ED-DD42-47F9-AD11-754AD4D89B98}.Release|Any CPU.ActiveCfg = Release|Any CPU
		{465997ED-DD42-47F9-AD11-754AD4D89B98}.Release|Any CPU.Build.0 = Release|Any CPU
	EndGlobalSection
	GlobalSection(SolutionProperties) = preSolution
		HideSolutionNode = FALSE
	EndGlobalSection
	GlobalSection(ExtensibilityGlobals) = postSolution
		SolutionGuid = {0BB5C8A8-37D7-4C27-9756-4F9E5336A9EE}
	EndGlobalSection
EndGlobal
